
Microsoft Visual Studio Solution File, Format Version 12.00
# Visual Studio Version 17
VisualStudioVersion = 17.4.33213.308
MinimumVisualStudioVersion = 10.0.40219.1
Project("{FAE04EC0-301F-11D3-BF4B-00C04F79EFBC}") = "DemoBank", "DemoBank\DemoBank.csproj", "{99570788-71E9-42D8-86BF-82291D00405B}"
EndProject
Global
	GlobalSection(SolutionConfigurationPlatforms) = preSolution
		Debug|Any CPU = Debug|Any CPU
		Release|Any CPU = Release|Any CPU
	EndGlobalSection
	GlobalSection(ProjectConfigurationPlatforms) = postSolution
		{99570788-71E9-42D8-86BF-82291D00405B}.Debug|Any CPU.ActiveCfg = Debug|Any CPU
		{99570788-71E9-42D8-86BF-82291D00405B}.Debug|Any CPU.Build.0 = Debug|Any CPU
		{99570788-71E9-42D8-86BF-82291D00405B}.Release|Any CPU.ActiveCfg = Release|Any CPU
		{99570788-71E9-42D8-86BF-82291D00405B}.Release|Any CPU.Build.0 = Release|Any CPU
	EndGlobalSection
	GlobalSection(SolutionProperties) = preSolution
		HideSolutionNode = FALSE
	EndGlobalSection
	GlobalSection(ExtensibilityGlobals) = postSolution
		SolutionGuid = {264209A9-01E5-4AC1-8E9B-DA6F5F1E937B}
	EndGlobalSection
EndGlobal
